// !$*UTF8*$!
{
	archiveVersion = 1;
	classes = {
	};
	objectVersion = 51;
	objects = {

/* Begin PBXBuildFile section */
		00BF33FEB5864621EDA348AA /* Pods_pyanime.framework in Frameworks */ = {isa = PBXBuildFile; fileRef = 32D1322DD8A91F32D40E2323 /* Pods_pyanime.framework */; };
		5903D3A4281061E2003FA3ED /* Episode.swift in Sources */ = {isa = PBXBuildFile; fileRef = 5903D3A3281061E2003FA3ED /* Episode.swift */; };
		5903D3AA2811390D003FA3ED /* EpisodeCell.swift in Sources */ = {isa = PBXBuildFile; fileRef = 5903D3A92811390D003FA3ED /* EpisodeCell.swift */; };
		59215FE3280D7D0000610DF4 /* ResultCell.swift in Sources */ = {isa = PBXBuildFile; fileRef = 59215FE2280D7D0000610DF4 /* ResultCell.swift */; };
		59215FE6280D7DA300610DF4 /* PAAvatarImageView.swift in Sources */ = {isa = PBXBuildFile; fileRef = 59215FE5280D7DA300610DF4 /* PAAvatarImageView.swift */; };
		59242BEA28467B4800A4A592 /* GradiantView.swift in Sources */ = {isa = PBXBuildFile; fileRef = 59242BE928467B4800A4A592 /* GradiantView.swift */; };
		59242BEC2847064D00A4A592 /* FavouriteVC.swift in Sources */ = {isa = PBXBuildFile; fileRef = 59242BEB2847064D00A4A592 /* FavouriteVC.swift */; };
		59242BEE28493AC700A4A592 /* PersistenceManager.swift in Sources */ = {isa = PBXBuildFile; fileRef = 59242BED28493AC700A4A592 /* PersistenceManager.swift */; };
		59242BF128493C8600A4A592 /* pyanime.xcdatamodeld in Sources */ = {isa = PBXBuildFile; fileRef = 59242BEF28493C8600A4A592 /* pyanime.xcdatamodeld */; };
		59242BF3284A834500A4A592 /* PAEmptyStateView.swift in Sources */ = {isa = PBXBuildFile; fileRef = 59242BF2284A834500A4A592 /* PAEmptyStateView.swift */; };
		59242BF7284ACDF200A4A592 /* DisocveryVC.swift in Sources */ = {isa = PBXBuildFile; fileRef = 59242BF6284ACDF200A4A592 /* DisocveryVC.swift */; };
		59242BF9284C51AF00A4A592 /* CollectionViewHeader.swift in Sources */ = {isa = PBXBuildFile; fileRef = 59242BF8284C51AF00A4A592 /* CollectionViewHeader.swift */; };
		593AB73E283E3809007BEC58 /* FaselhdAPI.swift in Sources */ = {isa = PBXBuildFile; fileRef = 593AB73D283E3809007BEC58 /* FaselhdAPI.swift */; };
		593AB7412840599D007BEC58 /* ShowInfoVC.swift in Sources */ = {isa = PBXBuildFile; fileRef = 593AB7402840599D007BEC58 /* ShowInfoVC.swift */; };
		593AB74428405A02007BEC58 /* Show.swift in Sources */ = {isa = PBXBuildFile; fileRef = 593AB74328405A02007BEC58 /* Show.swift */; };
		593AB74728405A65007BEC58 /* Season.swift in Sources */ = {isa = PBXBuildFile; fileRef = 593AB74628405A65007BEC58 /* Season.swift */; };
		598F8ED528458244002AAC83 /* ImdbAPI.swift in Sources */ = {isa = PBXBuildFile; fileRef = 598F8ED428458244002AAC83 /* ImdbAPI.swift */; };
		598F8ED82845833B002AAC83 /* ImdbShowDetails.swift in Sources */ = {isa = PBXBuildFile; fileRef = 598F8ED72845833B002AAC83 /* ImdbShowDetails.swift */; };
		59C3C0BB2801309600132FF0 /* AppDelegate.swift in Sources */ = {isa = PBXBuildFile; fileRef = 59C3C0BA2801309600132FF0 /* AppDelegate.swift */; };
		59C3C0BD2801309600132FF0 /* SceneDelegate.swift in Sources */ = {isa = PBXBuildFile; fileRef = 59C3C0BC2801309600132FF0 /* SceneDelegate.swift */; };
		59C3C0BF2801309600132FF0 /* SearchVC.swift in Sources */ = {isa = PBXBuildFile; fileRef = 59C3C0BE2801309600132FF0 /* SearchVC.swift */; };
		59C3C0C4280130A200132FF0 /* Assets.xcassets in Resources */ = {isa = PBXBuildFile; fileRef = 59C3C0C3280130A200132FF0 /* Assets.xcassets */; };
		59C3C0C7280130A200132FF0 /* LaunchScreen.storyboard in Resources */ = {isa = PBXBuildFile; fileRef = 59C3C0C5280130A200132FF0 /* LaunchScreen.storyboard */; };
		59C3C0D42801363600132FF0 /* PASecondaryLabel.swift in Sources */ = {isa = PBXBuildFile; fileRef = 59C3C0D32801363600132FF0 /* PASecondaryLabel.swift */; };
		59C3C0D928013B1100132FF0 /* ResultsVC.swift in Sources */ = {isa = PBXBuildFile; fileRef = 59C3C0D828013B1100132FF0 /* ResultsVC.swift */; };
		59C3C0DC28013CB000132FF0 /* UIViewController+EXT.swift in Sources */ = {isa = PBXBuildFile; fileRef = 59C3C0DB28013CB000132FF0 /* UIViewController+EXT.swift */; };
		59C3C0DF28013CEC00132FF0 /* PAAlertViewController.swift in Sources */ = {isa = PBXBuildFile; fileRef = 59C3C0DE28013CEC00132FF0 /* PAAlertViewController.swift */; };
		59C3C0E328013D2100132FF0 /* PABodyLabel.swift in Sources */ = {isa = PBXBuildFile; fileRef = 59C3C0E128013D2100132FF0 /* PABodyLabel.swift */; };
		59C3C0E428013D2100132FF0 /* PATitleLabel.swift in Sources */ = {isa = PBXBuildFile; fileRef = 59C3C0E228013D2100132FF0 /* PATitleLabel.swift */; };
		59C3C0E928013D6300132FF0 /* PAButton.swift in Sources */ = {isa = PBXBuildFile; fileRef = 59C3C0E828013D6300132FF0 /* PAButton.swift */; };
		59E87181280D4F460020B884 /* SearchResult.swift in Sources */ = {isa = PBXBuildFile; fileRef = 59E87180280D4F460020B884 /* SearchResult.swift */; };
		59E87188280D57E60020B884 /* PAError.swift in Sources */ = {isa = PBXBuildFile; fileRef = 59E87187280D57E60020B884 /* PAError.swift */; };
		59EC7AF42833E46B00C913BF /* ShowInfoCell.swift in Sources */ = {isa = PBXBuildFile; fileRef = 59EC7AF32833E46B00C913BF /* ShowInfoCell.swift */; };
/* End PBXBuildFile section */

/* Begin PBXFileReference section */
		1B9857FE0EFFAFF78FFBD951 /* Pods-pyanime.release.xcconfig */ = {isa = PBXFileReference; includeInIndex = 1; lastKnownFileType = text.xcconfig; name = "Pods-pyanime.release.xcconfig"; path = "Target Support Files/Pods-pyanime/Pods-pyanime.release.xcconfig"; sourceTree = "<group>"; };
		32D1322DD8A91F32D40E2323 /* Pods_pyanime.framework */ = {isa = PBXFileReference; explicitFileType = wrapper.framework; includeInIndex = 0; path = Pods_pyanime.framework; sourceTree = BUILT_PRODUCTS_DIR; };
		5903D3A3281061E2003FA3ED /* Episode.swift */ = {isa = PBXFileReference; lastKnownFileType = sourcecode.swift; path = Episode.swift; sourceTree = "<group>"; };
		5903D3A92811390D003FA3ED /* EpisodeCell.swift */ = {isa = PBXFileReference; lastKnownFileType = sourcecode.swift; path = EpisodeCell.swift; sourceTree = "<group>"; };
		59215FE2280D7D0000610DF4 /* ResultCell.swift */ = {isa = PBXFileReference; lastKnownFileType = sourcecode.swift; path = ResultCell.swift; sourceTree = "<group>"; };
		59215FE5280D7DA300610DF4 /* PAAvatarImageView.swift */ = {isa = PBXFileReference; fileEncoding = 4; lastKnownFileType = sourcecode.swift; path = PAAvatarImageView.swift; sourceTree = "<group>"; };
		59242BE928467B4800A4A592 /* GradiantView.swift */ = {isa = PBXFileReference; lastKnownFileType = sourcecode.swift; path = GradiantView.swift; sourceTree = "<group>"; };
		59242BEB2847064D00A4A592 /* FavouriteVC.swift */ = {isa = PBXFileReference; lastKnownFileType = sourcecode.swift; path = FavouriteVC.swift; sourceTree = "<group>"; };
		59242BED28493AC700A4A592 /* PersistenceManager.swift */ = {isa = PBXFileReference; lastKnownFileType = sourcecode.swift; path = PersistenceManager.swift; sourceTree = "<group>"; };
		59242BF028493C8600A4A592 /* pyanime.xcdatamodel */ = {isa = PBXFileReference; lastKnownFileType = wrapper.xcdatamodel; path = pyanime.xcdatamodel; sourceTree = "<group>"; };
		59242BF2284A834500A4A592 /* PAEmptyStateView.swift */ = {isa = PBXFileReference; lastKnownFileType = sourcecode.swift; path = PAEmptyStateView.swift; sourceTree = "<group>"; };
		59242BF6284ACDF200A4A592 /* DisocveryVC.swift */ = {isa = PBXFileReference; lastKnownFileType = sourcecode.swift; path = DisocveryVC.swift; sourceTree = "<group>"; };
		59242BF8284C51AF00A4A592 /* CollectionViewHeader.swift */ = {isa = PBXFileReference; lastKnownFileType = sourcecode.swift; path = CollectionViewHeader.swift; sourceTree = "<group>"; };
		593AB73D283E3809007BEC58 /* FaselhdAPI.swift */ = {isa = PBXFileReference; lastKnownFileType = sourcecode.swift; path = FaselhdAPI.swift; sourceTree = "<group>"; };
		593AB7402840599D007BEC58 /* ShowInfoVC.swift */ = {isa = PBXFileReference; lastKnownFileType = sourcecode.swift; path = ShowInfoVC.swift; sourceTree = "<group>"; };
		593AB74328405A02007BEC58 /* Show.swift */ = {isa = PBXFileReference; lastKnownFileType = sourcecode.swift; path = Show.swift; sourceTree = "<group>"; };
		593AB74628405A65007BEC58 /* Season.swift */ = {isa = PBXFileReference; lastKnownFileType = sourcecode.swift; path = Season.swift; sourceTree = "<group>"; };
		598F8ED428458244002AAC83 /* ImdbAPI.swift */ = {isa = PBXFileReference; lastKnownFileType = sourcecode.swift; path = ImdbAPI.swift; sourceTree = "<group>"; };
		598F8ED72845833B002AAC83 /* ImdbShowDetails.swift */ = {isa = PBXFileReference; fileEncoding = 4; lastKnownFileType = sourcecode.swift; path = ImdbShowDetails.swift; sourceTree = "<group>"; };
		59C3C0B72801309600132FF0 /* pyanime.app */ = {isa = PBXFileReference; explicitFileType = wrapper.application; includeInIndex = 0; path = pyanime.app; sourceTree = BUILT_PRODUCTS_DIR; };
		59C3C0BA2801309600132FF0 /* AppDelegate.swift */ = {isa = PBXFileReference; lastKnownFileType = sourcecode.swift; path = AppDelegate.swift; sourceTree = "<group>"; };
		59C3C0BC2801309600132FF0 /* SceneDelegate.swift */ = {isa = PBXFileReference; lastKnownFileType = sourcecode.swift; path = SceneDelegate.swift; sourceTree = "<group>"; };
		59C3C0BE2801309600132FF0 /* SearchVC.swift */ = {isa = PBXFileReference; lastKnownFileType = sourcecode.swift; path = SearchVC.swift; sourceTree = "<group>"; };
		59C3C0C3280130A200132FF0 /* Assets.xcassets */ = {isa = PBXFileReference; lastKnownFileType = folder.assetcatalog; path = Assets.xcassets; sourceTree = "<group>"; };
		59C3C0C6280130A200132FF0 /* Base */ = {isa = PBXFileReference; lastKnownFileType = file.storyboard; name = Base; path = Base.lproj/LaunchScreen.storyboard; sourceTree = "<group>"; };
		59C3C0C8280130A200132FF0 /* Info.plist */ = {isa = PBXFileReference; lastKnownFileType = text.plist.xml; path = Info.plist; sourceTree = "<group>"; };
		59C3C0D32801363600132FF0 /* PASecondaryLabel.swift */ = {isa = PBXFileReference; lastKnownFileType = sourcecode.swift; path = PASecondaryLabel.swift; sourceTree = "<group>"; };
		59C3C0D828013B1100132FF0 /* ResultsVC.swift */ = {isa = PBXFileReference; lastKnownFileType = sourcecode.swift; path = ResultsVC.swift; sourceTree = "<group>"; };
		59C3C0DB28013CB000132FF0 /* UIViewController+EXT.swift */ = {isa = PBXFileReference; lastKnownFileType = sourcecode.swift; path = "UIViewController+EXT.swift"; sourceTree = "<group>"; };
		59C3C0DE28013CEC00132FF0 /* PAAlertViewController.swift */ = {isa = PBXFileReference; lastKnownFileType = sourcecode.swift; path = PAAlertViewController.swift; sourceTree = "<group>"; };
		59C3C0E128013D2100132FF0 /* PABodyLabel.swift */ = {isa = PBXFileReference; fileEncoding = 4; lastKnownFileType = sourcecode.swift; path = PABodyLabel.swift; sourceTree = "<group>"; };
		59C3C0E228013D2100132FF0 /* PATitleLabel.swift */ = {isa = PBXFileReference; fileEncoding = 4; lastKnownFileType = sourcecode.swift; path = PATitleLabel.swift; sourceTree = "<group>"; };
		59C3C0E828013D6300132FF0 /* PAButton.swift */ = {isa = PBXFileReference; lastKnownFileType = sourcecode.swift; path = PAButton.swift; sourceTree = "<group>"; };
		59E87180280D4F460020B884 /* SearchResult.swift */ = {isa = PBXFileReference; lastKnownFileType = sourcecode.swift; path = SearchResult.swift; sourceTree = "<group>"; };
		59E87187280D57E60020B884 /* PAError.swift */ = {isa = PBXFileReference; lastKnownFileType = sourcecode.swift; path = PAError.swift; sourceTree = "<group>"; };
		59EC7AF32833E46B00C913BF /* ShowInfoCell.swift */ = {isa = PBXFileReference; lastKnownFileType = sourcecode.swift; path = ShowInfoCell.swift; sourceTree = "<group>"; };
		E9A39A32EC8FFF7D98B34397 /* Pods-pyanime.debug.xcconfig */ = {isa = PBXFileReference; includeInIndex = 1; lastKnownFileType = text.xcconfig; name = "Pods-pyanime.debug.xcconfig"; path = "Target Support Files/Pods-pyanime/Pods-pyanime.debug.xcconfig"; sourceTree = "<group>"; };
/* End PBXFileReference section */

/* Begin PBXFrameworksBuildPhase section */
		59C3C0B42801309600132FF0 /* Frameworks */ = {
			isa = PBXFrameworksBuildPhase;
			buildActionMask = 2147483647;
			files = (
				00BF33FEB5864621EDA348AA /* Pods_pyanime.framework in Frameworks */,
			);
			runOnlyForDeploymentPostprocessing = 0;
		};
/* End PBXFrameworksBuildPhase section */

/* Begin PBXGroup section */
		59C3C0AE2801309600132FF0 = {
			isa = PBXGroup;
			children = (
				59C3C0B92801309600132FF0 /* pyanime */,
				59C3C0B82801309600132FF0 /* Products */,
				A41E49C29F74FFCF734D3FAE /* Pods */,
				E8DBE5768354A0F6CDB99B42 /* Frameworks */,
			);
			sourceTree = "<group>";
		};
		59C3C0B82801309600132FF0 /* Products */ = {
			isa = PBXGroup;
			children = (
				59C3C0B72801309600132FF0 /* pyanime.app */,
			);
			name = Products;
			sourceTree = "<group>";
		};
		59C3C0B92801309600132FF0 /* pyanime */ = {
			isa = PBXGroup;
			children = (
				59E87186280D57BB0020B884 /* Models */,
				59E87183280D578B0020B884 /* Views */,
				59E87185280D57A30020B884 /* Controllers */,
				59C3C0BA2801309600132FF0 /* AppDelegate.swift */,
				59C3C0BC2801309600132FF0 /* SceneDelegate.swift */,
				59C3C0C3280130A200132FF0 /* Assets.xcassets */,
				59C3C0C5280130A200132FF0 /* LaunchScreen.storyboard */,
				59C3C0C8280130A200132FF0 /* Info.plist */,
				59242BEF28493C8600A4A592 /* pyanime.xcdatamodeld */,
			);
			path = pyanime;
			sourceTree = "<group>";
		};
		59C3C0D22801360B00132FF0 /* Labels */ = {
			isa = PBXGroup;
			children = (
				59C3C0E128013D2100132FF0 /* PABodyLabel.swift */,
				59C3C0E228013D2100132FF0 /* PATitleLabel.swift */,
				59C3C0D32801363600132FF0 /* PASecondaryLabel.swift */,
			);
			path = Labels;
			sourceTree = "<group>";
		};
		59E87183280D578B0020B884 /* Views */ = {
			isa = PBXGroup;
			children = (
				59215FE5280D7DA300610DF4 /* PAAvatarImageView.swift */,
				59C3C0E828013D6300132FF0 /* PAButton.swift */,
				59C3C0D22801360B00132FF0 /* Labels */,
				59215FE2280D7D0000610DF4 /* ResultCell.swift */,
				5903D3A92811390D003FA3ED /* EpisodeCell.swift */,
				59EC7AF32833E46B00C913BF /* ShowInfoCell.swift */,
				59242BE928467B4800A4A592 /* GradiantView.swift */,
				59242BF2284A834500A4A592 /* PAEmptyStateView.swift */,
				59242BF8284C51AF00A4A592 /* CollectionViewHeader.swift */,
			);
			path = Views;
			sourceTree = "<group>";
		};
		59E87185280D57A30020B884 /* Controllers */ = {
			isa = PBXGroup;
			children = (
				59C3C0DB28013CB000132FF0 /* UIViewController+EXT.swift */,
				59C3C0DE28013CEC00132FF0 /* PAAlertViewController.swift */,
				59C3C0D828013B1100132FF0 /* ResultsVC.swift */,
				59C3C0BE2801309600132FF0 /* SearchVC.swift */,
				593AB7402840599D007BEC58 /* ShowInfoVC.swift */,
				59242BEB2847064D00A4A592 /* FavouriteVC.swift */,
				59242BF6284ACDF200A4A592 /* DisocveryVC.swift */,
			);
			path = Controllers;
			sourceTree = "<group>";
		};
		59E87186280D57BB0020B884 /* Models */ = {
			isa = PBXGroup;
			children = (
				59E87180280D4F460020B884 /* SearchResult.swift */,
				59E87187280D57E60020B884 /* PAError.swift */,
				5903D3A3281061E2003FA3ED /* Episode.swift */,
				593AB73D283E3809007BEC58 /* FaselhdAPI.swift */,
				593AB74328405A02007BEC58 /* Show.swift */,
				593AB74628405A65007BEC58 /* Season.swift */,
				598F8ED428458244002AAC83 /* ImdbAPI.swift */,
				598F8ED72845833B002AAC83 /* ImdbShowDetails.swift */,
				59242BED28493AC700A4A592 /* PersistenceManager.swift */,
			);
			path = Models;
			sourceTree = "<group>";
		};
		A41E49C29F74FFCF734D3FAE /* Pods */ = {
			isa = PBXGroup;
			children = (
				E9A39A32EC8FFF7D98B34397 /* Pods-pyanime.debug.xcconfig */,
				1B9857FE0EFFAFF78FFBD951 /* Pods-pyanime.release.xcconfig */,
			);
			path = Pods;
			sourceTree = "<group>";
		};
		E8DBE5768354A0F6CDB99B42 /* Frameworks */ = {
			isa = PBXGroup;
			children = (
				32D1322DD8A91F32D40E2323 /* Pods_pyanime.framework */,
			);
			name = Frameworks;
			sourceTree = "<group>";
		};
/* End PBXGroup section */

/* Begin PBXNativeTarget section */
		59C3C0B62801309600132FF0 /* pyanime */ = {
			isa = PBXNativeTarget;
			buildConfigurationList = 59C3C0CB280130A200132FF0 /* Build configuration list for PBXNativeTarget "pyanime" */;
			buildPhases = (
				CB653DF1AD33AE5BE465D714 /* [CP] Check Pods Manifest.lock */,
				59C3C0B32801309600132FF0 /* Sources */,
				59C3C0B42801309600132FF0 /* Frameworks */,
				59C3C0B52801309600132FF0 /* Resources */,
				54892981FB67F30D0D58A75F /* [CP] Embed Pods Frameworks */,
			);
			buildRules = (
			);
			dependencies = (
			);
			name = pyanime;
			productName = pyanime;
			productReference = 59C3C0B72801309600132FF0 /* pyanime.app */;
			productType = "com.apple.product-type.application";
		};
/* End PBXNativeTarget section */

/* Begin PBXProject section */
		59C3C0AF2801309600132FF0 /* Project object */ = {
			isa = PBXProject;
			attributes = {
				LastSwiftUpdateCheck = 1220;
				LastUpgradeCheck = 1220;
				TargetAttributes = {
					59C3C0B62801309600132FF0 = {
						CreatedOnToolsVersion = 12.2;
					};
				};
			};
			buildConfigurationList = 59C3C0B22801309600132FF0 /* Build configuration list for PBXProject "pyanime" */;
			compatibilityVersion = "Xcode 9.3";
			developmentRegion = en;
			hasScannedForEncodings = 0;
			knownRegions = (
				en,
				Base,
			);
			mainGroup = 59C3C0AE2801309600132FF0;
			productRefGroup = 59C3C0B82801309600132FF0 /* Products */;
			projectDirPath = "";
			projectRoot = "";
			targets = (
				59C3C0B62801309600132FF0 /* pyanime */,
			);
		};
/* End PBXProject section */

/* Begin PBXResourcesBuildPhase section */
		59C3C0B52801309600132FF0 /* Resources */ = {
			isa = PBXResourcesBuildPhase;
			buildActionMask = 2147483647;
			files = (
				59C3C0C7280130A200132FF0 /* LaunchScreen.storyboard in Resources */,
				59C3C0C4280130A200132FF0 /* Assets.xcassets in Resources */,
			);
			runOnlyForDeploymentPostprocessing = 0;
		};
/* End PBXResourcesBuildPhase section */

/* Begin PBXShellScriptBuildPhase section */
		54892981FB67F30D0D58A75F /* [CP] Embed Pods Frameworks */ = {
			isa = PBXShellScriptBuildPhase;
			buildActionMask = 2147483647;
			files = (
			);
			inputFileListPaths = (
				"${PODS_ROOT}/Target Support Files/Pods-pyanime/Pods-pyanime-frameworks-${CONFIGURATION}-input-files.xcfilelist",
			);
			name = "[CP] Embed Pods Frameworks";
			outputFileListPaths = (
				"${PODS_ROOT}/Target Support Files/Pods-pyanime/Pods-pyanime-frameworks-${CONFIGURATION}-output-files.xcfilelist",
			);
			runOnlyForDeploymentPostprocessing = 0;
			shellPath = /bin/sh;
			shellScript = "\"${PODS_ROOT}/Target Support Files/Pods-pyanime/Pods-pyanime-frameworks.sh\"\n";
			showEnvVarsInLog = 0;
		};
		CB653DF1AD33AE5BE465D714 /* [CP] Check Pods Manifest.lock */ = {
			isa = PBXShellScriptBuildPhase;
			buildActionMask = 2147483647;
			files = (
			);
			inputFileListPaths = (
			);
			inputPaths = (
				"${PODS_PODFILE_DIR_PATH}/Podfile.lock",
				"${PODS_ROOT}/Manifest.lock",
			);
			name = "[CP] Check Pods Manifest.lock";
			outputFileListPaths = (
			);
			outputPaths = (
				"$(DERIVED_FILE_DIR)/Pods-pyanime-checkManifestLockResult.txt",
			);
			runOnlyForDeploymentPostprocessing = 0;
			shellPath = /bin/sh;
			shellScript = "diff \"${PODS_PODFILE_DIR_PATH}/Podfile.lock\" \"${PODS_ROOT}/Manifest.lock\" > /dev/null\nif [ $? != 0 ] ; then\n    # print error to STDERR\n    echo \"error: The sandbox is not in sync with the Podfile.lock. Run 'pod install' or update your CocoaPods installation.\" >&2\n    exit 1\nfi\n# This output is used by Xcode 'outputs' to avoid re-running this script phase.\necho \"SUCCESS\" > \"${SCRIPT_OUTPUT_FILE_0}\"\n";
			showEnvVarsInLog = 0;
		};
/* End PBXShellScriptBuildPhase section */

/* Begin PBXSourcesBuildPhase section */
		59C3C0B32801309600132FF0 /* Sources */ = {
			isa = PBXSourcesBuildPhase;
			buildActionMask = 2147483647;
			files = (
				593AB7412840599D007BEC58 /* ShowInfoVC.swift in Sources */,
				59242BF9284C51AF00A4A592 /* CollectionViewHeader.swift in Sources */,
				59C3C0E928013D6300132FF0 /* PAButton.swift in Sources */,
				59C3C0DF28013CEC00132FF0 /* PAAlertViewController.swift in Sources */,
				598F8ED82845833B002AAC83 /* ImdbShowDetails.swift in Sources */,
				593AB74428405A02007BEC58 /* Show.swift in Sources */,
				59242BF3284A834500A4A592 /* PAEmptyStateView.swift in Sources */,
				59242BEE28493AC700A4A592 /* PersistenceManager.swift in Sources */,
				59C3C0DC28013CB000132FF0 /* UIViewController+EXT.swift in Sources */,
				59EC7AF42833E46B00C913BF /* ShowInfoCell.swift in Sources */,
				59C3C0D42801363600132FF0 /* PASecondaryLabel.swift in Sources */,
				59C3C0BF2801309600132FF0 /* SearchVC.swift in Sources */,
				598F8ED528458244002AAC83 /* ImdbAPI.swift in Sources */,
				59242BEA28467B4800A4A592 /* GradiantView.swift in Sources */,
				59C3C0BB2801309600132FF0 /* AppDelegate.swift in Sources */,
				59242BF128493C8600A4A592 /* pyanime.xcdatamodeld in Sources */,
				59C3C0D928013B1100132FF0 /* ResultsVC.swift in Sources */,
				593AB73E283E3809007BEC58 /* FaselhdAPI.swift in Sources */,
				59E87188280D57E60020B884 /* PAError.swift in Sources */,
				5903D3AA2811390D003FA3ED /* EpisodeCell.swift in Sources */,
				59242BEC2847064D00A4A592 /* FavouriteVC.swift in Sources */,
				59C3C0E428013D2100132FF0 /* PATitleLabel.swift in Sources */,
				593AB74728405A65007BEC58 /* Season.swift in Sources */,
				59242BF7284ACDF200A4A592 /* DisocveryVC.swift in Sources */,
				59C3C0BD2801309600132FF0 /* SceneDelegate.swift in Sources */,
				59215FE6280D7DA300610DF4 /* PAAvatarImageView.swift in Sources */,
				5903D3A4281061E2003FA3ED /* Episode.swift in Sources */,
				59E87181280D4F460020B884 /* SearchResult.swift in Sources */,
				59215FE3280D7D0000610DF4 /* ResultCell.swift in Sources */,
				59C3C0E328013D2100132FF0 /* PABodyLabel.swift in Sources */,
			);
			runOnlyForDeploymentPostprocessing = 0;
		};
/* End PBXSourcesBuildPhase section */

/* Begin PBXVariantGroup section */
		59C3C0C5280130A200132FF0 /* LaunchScreen.storyboard */ = {
			isa = PBXVariantGroup;
			children = (
				59C3C0C6280130A200132FF0 /* Base */,
			);
			name = LaunchScreen.storyboard;
			sourceTree = "<group>";
		};
/* End PBXVariantGroup section */

/* Begin XCBuildConfiguration section */
		59C3C0C9280130A200132FF0 /* Debug */ = {
			isa = XCBuildConfiguration;
			buildSettings = {
				ALWAYS_SEARCH_USER_PATHS = NO;
				CLANG_ANALYZER_NONNULL = YES;
				CLANG_ANALYZER_NUMBER_OBJECT_CONVERSION = YES_AGGRESSIVE;
				CLANG_CXX_LANGUAGE_STANDARD = "gnu++14";
				CLANG_CXX_LIBRARY = "libc++";
				CLANG_ENABLE_MODULES = YES;
				CLANG_ENABLE_OBJC_ARC = YES;
				CLANG_ENABLE_OBJC_WEAK = YES;
				CLANG_WARN_BLOCK_CAPTURE_AUTORELEASING = YES;
				CLANG_WARN_BOOL_CONVERSION = YES;
				CLANG_WARN_COMMA = YES;
				CLANG_WARN_CONSTANT_CONVERSION = YES;
				CLANG_WARN_DEPRECATED_OBJC_IMPLEMENTATIONS = YES;
				CLANG_WARN_DIRECT_OBJC_ISA_USAGE = YES_ERROR;
				CLANG_WARN_DOCUMENTATION_COMMENTS = YES;
				CLANG_WARN_EMPTY_BODY = YES;
				CLANG_WARN_ENUM_CONVERSION = YES;
				CLANG_WARN_INFINITE_RECURSION = YES;
				CLANG_WARN_INT_CONVERSION = YES;
				CLANG_WARN_NON_LITERAL_NULL_CONVERSION = YES;
				CLANG_WARN_OBJC_IMPLICIT_RETAIN_SELF = YES;
				CLANG_WARN_OBJC_LITERAL_CONVERSION = YES;
				CLANG_WARN_OBJC_ROOT_CLASS = YES_ERROR;
				CLANG_WARN_QUOTED_INCLUDE_IN_FRAMEWORK_HEADER = YES;
				CLANG_WARN_RANGE_LOOP_ANALYSIS = YES;
				CLANG_WARN_STRICT_PROTOTYPES = YES;
				CLANG_WARN_SUSPICIOUS_MOVE = YES;
				CLANG_WARN_UNGUARDED_AVAILABILITY = YES_AGGRESSIVE;
				CLANG_WARN_UNREACHABLE_CODE = YES;
				CLANG_WARN__DUPLICATE_METHOD_MATCH = YES;
				COPY_PHASE_STRIP = NO;
				DEBUG_INFORMATION_FORMAT = dwarf;
				ENABLE_STRICT_OBJC_MSGSEND = YES;
				ENABLE_TESTABILITY = YES;
				GCC_C_LANGUAGE_STANDARD = gnu11;
				GCC_DYNAMIC_NO_PIC = NO;
				GCC_NO_COMMON_BLOCKS = YES;
				GCC_OPTIMIZATION_LEVEL = 0;
				GCC_PREPROCESSOR_DEFINITIONS = (
					"DEBUG=1",
					"$(inherited)",
				);
				GCC_WARN_64_TO_32_BIT_CONVERSION = YES;
				GCC_WARN_ABOUT_RETURN_TYPE = YES_ERROR;
				GCC_WARN_UNDECLARED_SELECTOR = YES;
				GCC_WARN_UNINITIALIZED_AUTOS = YES_AGGRESSIVE;
				GCC_WARN_UNUSED_FUNCTION = YES;
				GCC_WARN_UNUSED_VARIABLE = YES;
				IPHONEOS_DEPLOYMENT_TARGET = 14.2;
				MTL_ENABLE_DEBUG_INFO = INCLUDE_SOURCE;
				MTL_FAST_MATH = YES;
				ONLY_ACTIVE_ARCH = YES;
				SDKROOT = iphoneos;
				SWIFT_ACTIVE_COMPILATION_CONDITIONS = DEBUG;
				SWIFT_OPTIMIZATION_LEVEL = "-Onone";
			};
			name = Debug;
		};
		59C3C0CA280130A200132FF0 /* Release */ = {
			isa = XCBuildConfiguration;
			buildSettings = {
				ALWAYS_SEARCH_USER_PATHS = NO;
				CLANG_ANALYZER_NONNULL = YES;
				CLANG_ANALYZER_NUMBER_OBJECT_CONVERSION = YES_AGGRESSIVE;
				CLANG_CXX_LANGUAGE_STANDARD = "gnu++14";
				CLANG_CXX_LIBRARY = "libc++";
				CLANG_ENABLE_MODULES = YES;
				CLANG_ENABLE_OBJC_ARC = YES;
				CLANG_ENABLE_OBJC_WEAK = YES;
				CLANG_WARN_BLOCK_CAPTURE_AUTORELEASING = YES;
				CLANG_WARN_BOOL_CONVERSION = YES;
				CLANG_WARN_COMMA = YES;
				CLANG_WARN_CONSTANT_CONVERSION = YES;
				CLANG_WARN_DEPRECATED_OBJC_IMPLEMENTATIONS = YES;
				CLANG_WARN_DIRECT_OBJC_ISA_USAGE = YES_ERROR;
				CLANG_WARN_DOCUMENTATION_COMMENTS = YES;
				CLANG_WARN_EMPTY_BODY = YES;
				CLANG_WARN_ENUM_CONVERSION = YES;
				CLANG_WARN_INFINITE_RECURSION = YES;
				CLANG_WARN_INT_CONVERSION = YES;
				CLANG_WARN_NON_LITERAL_NULL_CONVERSION = YES;
				CLANG_WARN_OBJC_IMPLICIT_RETAIN_SELF = YES;
				CLANG_WARN_OBJC_LITERAL_CONVERSION = YES;
				CLANG_WARN_OBJC_ROOT_CLASS = YES_ERROR;
				CLANG_WARN_QUOTED_INCLUDE_IN_FRAMEWORK_HEADER = YES;
				CLANG_WARN_RANGE_LOOP_ANALYSIS = YES;
				CLANG_WARN_STRICT_PROTOTYPES = YES;
				CLANG_WARN_SUSPICIOUS_MOVE = YES;
				CLANG_WARN_UNGUARDED_AVAILABILITY = YES_AGGRESSIVE;
				CLANG_WARN_UNREACHABLE_CODE = YES;
				CLANG_WARN__DUPLICATE_METHOD_MATCH = YES;
				COPY_PHASE_STRIP = NO;
				DEBUG_INFORMATION_FORMAT = "dwarf-with-dsym";
				ENABLE_NS_ASSERTIONS = NO;
				ENABLE_STRICT_OBJC_MSGSEND = YES;
				GCC_C_LANGUAGE_STANDARD = gnu11;
				GCC_NO_COMMON_BLOCKS = YES;
				GCC_WARN_64_TO_32_BIT_CONVERSION = YES;
				GCC_WARN_ABOUT_RETURN_TYPE = YES_ERROR;
				GCC_WARN_UNDECLARED_SELECTOR = YES;
				GCC_WARN_UNINITIALIZED_AUTOS = YES_AGGRESSIVE;
				GCC_WARN_UNUSED_FUNCTION = YES;
				GCC_WARN_UNUSED_VARIABLE = YES;
				IPHONEOS_DEPLOYMENT_TARGET = 14.2;
				MTL_ENABLE_DEBUG_INFO = NO;
				MTL_FAST_MATH = YES;
				SDKROOT = iphoneos;
				SWIFT_COMPILATION_MODE = wholemodule;
				SWIFT_OPTIMIZATION_LEVEL = "-O";
				VALIDATE_PRODUCT = YES;
			};
			name = Release;
		};
		59C3C0CC280130A200132FF0 /* Debug */ = {
			isa = XCBuildConfiguration;
			baseConfigurationReference = E9A39A32EC8FFF7D98B34397 /* Pods-pyanime.debug.xcconfig */;
			buildSettings = {
				ASSETCATALOG_COMPILER_APPICON_NAME = AppIcon;
				ASSETCATALOG_COMPILER_GLOBAL_ACCENT_COLOR_NAME = AccentColor;
				CODE_SIGN_STYLE = Automatic;
				DEVELOPMENT_TEAM = 7E925N66UH;
				INFOPLIST_FILE = pyanime/Info.plist;
				LD_RUNPATH_SEARCH_PATHS = (
					"$(inherited)",
					"@executable_path/Frameworks",
				);
				PRODUCT_BUNDLE_IDENTIFIER = com.mohammed.pyanime;
				PRODUCT_NAME = "$(TARGET_NAME)";
				SWIFT_VERSION = 5.0;
				TARGETED_DEVICE_FAMILY = 1;
			};
			name = Debug;
		};
		59C3C0CD280130A200132FF0 /* Release */ = {
			isa = XCBuildConfiguration;
			baseConfigurationReference = 1B9857FE0EFFAFF78FFBD951 /* Pods-pyanime.release.xcconfig */;
			buildSettings = {
				ASSETCATALOG_COMPILER_APPICON_NAME = AppIcon;
				ASSETCATALOG_COMPILER_GLOBAL_ACCENT_COLOR_NAME = AccentColor;
				CODE_SIGN_STYLE = Automatic;
				DEVELOPMENT_TEAM = 7E925N66UH;
				INFOPLIST_FILE = pyanime/Info.plist;
				LD_RUNPATH_SEARCH_PATHS = (
					"$(inherited)",
					"@executable_path/Frameworks",
				);
				PRODUCT_BUNDLE_IDENTIFIER = com.mohammed.pyanime;
				PRODUCT_NAME = "$(TARGET_NAME)";
				SWIFT_VERSION = 5.0;
				TARGETED_DEVICE_FAMILY = 1;
			};
			name = Release;
		};
/* End XCBuildConfiguration section */

/* Begin XCConfigurationList section */
		59C3C0B22801309600132FF0 /* Build configuration list for PBXProject "pyanime" */ = {
			isa = XCConfigurationList;
			buildConfigurations = (
				59C3C0C9280130A200132FF0 /* Debug */,
				59C3C0CA280130A200132FF0 /* Release */,
			);
			defaultConfigurationIsVisible = 0;
			defaultConfigurationName = Release;
		};
		59C3C0CB280130A200132FF0 /* Build configuration list for PBXNativeTarget "pyanime" */ = {
			isa = XCConfigurationList;
			buildConfigurations = (
				59C3C0CC280130A200132FF0 /* Debug */,
				59C3C0CD280130A200132FF0 /* Release */,
			);
			defaultConfigurationIsVisible = 0;
			defaultConfigurationName = Release;
		};
/* End XCConfigurationList section */

/* Begin XCVersionGroup section */
		59242BEF28493C8600A4A592 /* pyanime.xcdatamodeld */ = {
			isa = XCVersionGroup;
			children = (
				59242BF028493C8600A4A592 /* pyanime.xcdatamodel */,
			);
			currentVersion = 59242BF028493C8600A4A592 /* pyanime.xcdatamodel */;
			path = pyanime.xcdatamodeld;
			sourceTree = "<group>";
			versionGroupType = wrapper.xcdatamodel;
		};
/* End XCVersionGroup section */
	};
	rootObject = 59C3C0AF2801309600132FF0 /* Project object */;
}
